
Microsoft Visual Studio Solution File, Format Version 12.00
# Visual Studio Version 17
VisualStudioVersion = 17.8.34330.188
MinimumVisualStudioVersion = 10.0.40219.1
Project("{54A90642-561A-4BB1-A94E-469ADEE60C69}") = "personalreact", "PersonalReact\personalreact.esproj", "{C87BC915-8C0A-45BC-AA85-3B1B833D293D}"
EndProject
Global
	GlobalSection(SolutionConfigurationPlatforms) = preSolution
		Debug|Any CPU = Debug|Any CPU
		Release|Any CPU = Release|Any CPU
	EndGlobalSection
	GlobalSection(ProjectConfigurationPlatforms) = postSolution
		{C87BC915-8C0A-45BC-AA85-3B1B833D293D}.Debug|Any CPU.ActiveCfg = Debug|Any CPU
		{C87BC915-8C0A-45BC-AA85-3B1B833D293D}.Debug|Any CPU.Build.0 = Debug|Any CPU
		{C87BC915-8C0A-45BC-AA85-3B1B833D293D}.Debug|Any CPU.Deploy.0 = Debug|Any CPU
		{C87BC915-8C0A-45BC-AA85-3B1B833D293D}.Release|Any CPU.ActiveCfg = Release|Any CPU
		{C87BC915-8C0A-45BC-AA85-3B1B833D293D}.Release|Any CPU.Build.0 = Release|Any CPU
		{C87BC915-8C0A-45BC-AA85-3B1B833D293D}.Release|Any CPU.Deploy.0 = Release|Any CPU
	EndGlobalSection
	GlobalSection(SolutionProperties) = preSolution
		HideSolutionNode = FALSE
	EndGlobalSection
	GlobalSection(ExtensibilityGlobals) = postSolution
		SolutionGuid = {A51A58F1-E8D0-45BB-9930-A6686C88FE57}
	EndGlobalSection
EndGlobal
